
Microsoft Visual Studio Solution File, Format Version 12.00
# Visual Studio Version 17
VisualStudioVersion = 17.8.34511.84
MinimumVisualStudioVersion = 10.0.40219.1
Project("{FAE04EC0-301F-11D3-BF4B-00C04F79EFBC}") = "BulkyWeb", "BulkyWeb\BulkyWeb.csproj", "{F3B1572E-244E-46E3-B73A-AA13A08C5D8B}"
EndProject
Global
	GlobalSection(SolutionConfigurationPlatforms) = preSolution
		Debug|Any CPU = Debug|Any CPU
		Release|Any CPU = Release|Any CPU
	EndGlobalSection
	GlobalSection(ProjectConfigurationPlatforms) = postSolution
		{F3B1572E-244E-46E3-B73A-AA13A08C5D8B}.Debug|Any CPU.ActiveCfg = Debug|Any CPU
		{F3B1572E-244E-46E3-B73A-AA13A08C5D8B}.Debug|Any CPU.Build.0 = Debug|Any CPU
		{F3B1572E-244E-46E3-B73A-AA13A08C5D8B}.Release|Any CPU.ActiveCfg = Release|Any CPU
		{F3B1572E-244E-46E3-B73A-AA13A08C5D8B}.Release|Any CPU.Build.0 = Release|Any CPU
	EndGlobalSection
	GlobalSection(SolutionProperties) = preSolution
		HideSolutionNode = FALSE
	EndGlobalSection
	GlobalSection(ExtensibilityGlobals) = postSolution
		SolutionGuid = {1564FC52-E0BF-4222-B4BC-734B98E5E785}
	EndGlobalSection
EndGlobal
